
Microsoft Visual Studio Solution File, Format Version 12.00
# Visual Studio Version 17
VisualStudioVersion = 17.6.33829.357
MinimumVisualStudioVersion = 10.0.40219.1
Project("{9A19103F-16F7-4668-BE54-9A1E7A4F7556}") = "Annexxie", "Annexxie.csproj", "{0EADF294-B5FD-478B-8261-3B32D9393BE5}"
EndProject
Global
	GlobalSection(SolutionConfigurationPlatforms) = preSolution
		Debug|Any CPU = Debug|Any CPU
		Release|Any CPU = Release|Any CPU
	EndGlobalSection
	GlobalSection(ProjectConfigurationPlatforms) = postSolution
		{0EADF294-B5FD-478B-8261-3B32D9393BE5}.Debug|Any CPU.ActiveCfg = Debug|Any CPU
		{0EADF294-B5FD-478B-8261-3B32D9393BE5}.Debug|Any CPU.Build.0 = Debug|Any CPU
		{0EADF294-B5FD-478B-8261-3B32D9393BE5}.Release|Any CPU.ActiveCfg = Release|Any CPU
		{0EADF294-B5FD-478B-8261-3B32D9393BE5}.Release|Any CPU.Build.0 = Release|Any CPU
	EndGlobalSection
	GlobalSection(SolutionProperties) = preSolution
		HideSolutionNode = FALSE
	EndGlobalSection
	GlobalSection(ExtensibilityGlobals) = postSolution
		SolutionGuid = {795964C8-8498-478B-AA30-49D250D3999E}
	EndGlobalSection
EndGlobal
